
Microsoft Visual Studio Solution File, Format Version 12.00
# Visual Studio Version 17
VisualStudioVersion = 17.14.36414.22 d17.14
MinimumVisualStudioVersion = 10.0.40219.1
Project("{FAE04EC0-301F-11D3-BF4B-00C04F79EFBC}") = "модль 1.2", "модль 1.2.csproj", "{1684BE4D-0906-4C60-8020-28CD2ACF5E98}"
EndProject
Global
	GlobalSection(SolutionConfigurationPlatforms) = preSolution
		Debug|Any CPU = Debug|Any CPU
		Release|Any CPU = Release|Any CPU
	EndGlobalSection
	GlobalSection(ProjectConfigurationPlatforms) = postSolution
		{1684BE4D-0906-4C60-8020-28CD2ACF5E98}.Debug|Any CPU.ActiveCfg = Debug|Any CPU
		{1684BE4D-0906-4C60-8020-28CD2ACF5E98}.Debug|Any CPU.Build.0 = Debug|Any CPU
		{1684BE4D-0906-4C60-8020-28CD2ACF5E98}.Release|Any CPU.ActiveCfg = Release|Any CPU
		{1684BE4D-0906-4C60-8020-28CD2ACF5E98}.Release|Any CPU.Build.0 = Release|Any CPU
	EndGlobalSection
	GlobalSection(SolutionProperties) = preSolution
		HideSolutionNode = FALSE
	EndGlobalSection
	GlobalSection(ExtensibilityGlobals) = postSolution
		SolutionGuid = {A7B509D1-3A77-444F-9094-73EC0EDADB3A}
	EndGlobalSection
EndGlobal
